
Microsoft Visual Studio Solution File, Format Version 12.00
# Visual Studio 14
VisualStudioVersion = 14.0.23107.0
MinimumVisualStudioVersion = 10.0.40219.1
Project("{FAE04EC0-301F-11D3-BF4B-00C04F79EFBC}") = "VMManagement", "VMManagement\VMManagement.csproj", "{21DCF423-7797-4B76-8144-777B6FC04FD0}"
EndProject
Project("{FAE04EC0-301F-11D3-BF4B-00C04F79EFBC}") = "ExampleApp", "ExampleApp\ExampleApp.csproj", "{739A5FC2-DB32-45C3-AFF8-E150CB2B121B}"
EndProject
Global
	GlobalSection(SolutionConfigurationPlatforms) = preSolution
		Debug|Any CPU = Debug|Any CPU
		Release|Any CPU = Release|Any CPU
	EndGlobalSection
	GlobalSection(ProjectConfigurationPlatforms) = postSolution
		{21DCF423-7797-4B76-8144-777B6FC04FD0}.Debug|Any CPU.ActiveCfg = Debug|Any CPU
		{21DCF423-7797-4B76-8144-777B6FC04FD0}.Debug|Any CPU.Build.0 = Debug|Any CPU
		{21DCF423-7797-4B76-8144-777B6FC04FD0}.Release|Any CPU.ActiveCfg = Release|Any CPU
		{21DCF423-7797-4B76-8144-777B6FC04FD0}.Release|Any CPU.Build.0 = Release|Any CPU
		{739A5FC2-DB32-45C3-AFF8-E150CB2B121B}.Debug|Any CPU.ActiveCfg = Debug|Any CPU
		{739A5FC2-DB32-45C3-AFF8-E150CB2B121B}.Debug|Any CPU.Build.0 = Debug|Any CPU
		{739A5FC2-DB32-45C3-AFF8-E150CB2B121B}.Release|Any CPU.ActiveCfg = Release|Any CPU
		{739A5FC2-DB32-45C3-AFF8-E150CB2B121B}.Release|Any CPU.Build.0 = Release|Any CPU
	EndGlobalSection
	GlobalSection(SolutionProperties) = preSolution
		HideSolutionNode = FALSE
	EndGlobalSection
EndGlobal
